{
  "name": "rupeshtiwari-blogs",
  "version": "1.0.0",
  "lockfileVersion": 1,
  "requires": true,
  "dependencies": {
    "fuzzysearch": {
      "version": "1.0.3",
      "resolved": "https://registry.npmjs.org/fuzzysearch/-/fuzzysearch-1.0.3.tgz",
      "integrity": "sha1-3/yA9tawQiPyImqnndGUIxCW0Ag="
    },
    "simple-jekyll-search": {
      "version": "1.9.1",
      "resolved": "https://registry.npmjs.org/simple-jekyll-search/-/simple-jekyll-search-1.9.1.tgz",
      "integrity": "sha512-WL350X9codx5LoYXhGluYz/iE3DRJexHbYMvYXkdYyzjuwQ0Iuz43mpO5rpINgp2TriIiF3Xg7kpgIP9ewGUrw==",
      "requires": {
        "fuzzysearch": "^1.0.3"
      }
    }
  }
}
